// !$*UTF8*$!
{
	archiveVersion = 1;
	classes = {
	};
	objectVersion = 55;
	objects = {

/* Begin PBXBuildFile section */
		DC13EE9B281158B80067652D /* AppDelegate.swift in Sources */ = {isa = PBXBuildFile; fileRef = DC13EE9A281158B80067652D /* AppDelegate.swift */; };
		DC13EE9D281158B80067652D /* SceneDelegate.swift in Sources */ = {isa = PBXBuildFile; fileRef = DC13EE9C281158B80067652D /* SceneDelegate.swift */; };
		DC13EE9F281158B80067652D /* CardsViewController.swift in Sources */ = {isa = PBXBuildFile; fileRef = DC13EE9E281158B80067652D /* CardsViewController.swift */; };
		DC13EEA4281158B90067652D /* Assets.xcassets in Resources */ = {isa = PBXBuildFile; fileRef = DC13EEA3281158B90067652D /* Assets.xcassets */; };
		DC13EEA7281158B90067652D /* LaunchScreen.storyboard in Resources */ = {isa = PBXBuildFile; fileRef = DC13EEA5281158B90067652D /* LaunchScreen.storyboard */; };
		DC602EB92818E9AE00B78C66 /* Card.swift in Sources */ = {isa = PBXBuildFile; fileRef = DC602EB82818E9AE00B78C66 /* Card.swift */; };
		DC602EBB2818EA0D00B78C66 /* Concentration.swift in Sources */ = {isa = PBXBuildFile; fileRef = DC602EBA2818EA0D00B78C66 /* Concentration.swift */; };
		DC602EBE2818EB8000B78C66 /* Theme.swift in Sources */ = {isa = PBXBuildFile; fileRef = DC602EBD2818EB8000B78C66 /* Theme.swift */; };
		DC602EC22818F23000B78C66 /* Extensions+Int.swift in Sources */ = {isa = PBXBuildFile; fileRef = DC602EC12818F23000B78C66 /* Extensions+Int.swift */; };
		DC602EC72818F62A00B78C66 /* CardPresenterProtocol.swift in Sources */ = {isa = PBXBuildFile; fileRef = DC602EC62818F62A00B78C66 /* CardPresenterProtocol.swift */; };
		DC602ECA281983E900B78C66 /* CustomButton.swift in Sources */ = {isa = PBXBuildFile; fileRef = DC602EC9281983E900B78C66 /* CustomButton.swift */; };
/* End PBXBuildFile section */

/* Begin PBXFileReference section */
		DC13EE97281158B80067652D /* Stanford.app */ = {isa = PBXFileReference; explicitFileType = wrapper.application; includeInIndex = 0; path = Stanford.app; sourceTree = BUILT_PRODUCTS_DIR; };
		DC13EE9A281158B80067652D /* AppDelegate.swift */ = {isa = PBXFileReference; lastKnownFileType = sourcecode.swift; path = AppDelegate.swift; sourceTree = "<group>"; };
		DC13EE9C281158B80067652D /* SceneDelegate.swift */ = {isa = PBXFileReference; lastKnownFileType = sourcecode.swift; path = SceneDelegate.swift; sourceTree = "<group>"; };
		DC13EE9E281158B80067652D /* CardsViewController.swift */ = {isa = PBXFileReference; lastKnownFileType = sourcecode.swift; path = CardsViewController.swift; sourceTree = "<group>"; };
		DC13EEA3281158B90067652D /* Assets.xcassets */ = {isa = PBXFileReference; lastKnownFileType = folder.assetcatalog; path = Assets.xcassets; sourceTree = "<group>"; };
		DC13EEA6281158B90067652D /* Base */ = {isa = PBXFileReference; lastKnownFileType = file.storyboard; name = Base; path = Base.lproj/LaunchScreen.storyboard; sourceTree = "<group>"; };
		DC13EEA8281158B90067652D /* Info.plist */ = {isa = PBXFileReference; lastKnownFileType = text.plist.xml; path = Info.plist; sourceTree = "<group>"; };
		DC602EB82818E9AE00B78C66 /* Card.swift */ = {isa = PBXFileReference; lastKnownFileType = sourcecode.swift; path = Card.swift; sourceTree = "<group>"; };
		DC602EBA2818EA0D00B78C66 /* Concentration.swift */ = {isa = PBXFileReference; lastKnownFileType = sourcecode.swift; path = Concentration.swift; sourceTree = "<group>"; };
		DC602EBD2818EB8000B78C66 /* Theme.swift */ = {isa = PBXFileReference; lastKnownFileType = sourcecode.swift; path = Theme.swift; sourceTree = "<group>"; };
		DC602EC12818F23000B78C66 /* Extensions+Int.swift */ = {isa = PBXFileReference; lastKnownFileType = sourcecode.swift; path = "Extensions+Int.swift"; sourceTree = "<group>"; };
		DC602EC62818F62A00B78C66 /* CardPresenterProtocol.swift */ = {isa = PBXFileReference; lastKnownFileType = sourcecode.swift; path = CardPresenterProtocol.swift; sourceTree = "<group>"; };
		DC602EC9281983E900B78C66 /* CustomButton.swift */ = {isa = PBXFileReference; lastKnownFileType = sourcecode.swift; path = CustomButton.swift; sourceTree = "<group>"; };
/* End PBXFileReference section */

/* Begin PBXFrameworksBuildPhase section */
		DC13EE94281158B80067652D /* Frameworks */ = {
			isa = PBXFrameworksBuildPhase;
			buildActionMask = 2147483647;
			files = (
			);
			runOnlyForDeploymentPostprocessing = 0;
		};
/* End PBXFrameworksBuildPhase section */

/* Begin PBXGroup section */
		DC13EE8E281158B80067652D = {
			isa = PBXGroup;
			children = (
				DC13EE99281158B80067652D /* Stanford */,
				DC13EE98281158B80067652D /* Products */,
			);
			sourceTree = "<group>";
		};
		DC13EE98281158B80067652D /* Products */ = {
			isa = PBXGroup;
			children = (
				DC13EE97281158B80067652D /* Stanford.app */,
			);
			name = Products;
			sourceTree = "<group>";
		};
		DC13EE99281158B80067652D /* Stanford */ = {
			isa = PBXGroup;
			children = (
				DC13EEAE281158EA0067652D /* App */,
				DC602EB72818E9A100B78C66 /* Model */,
				DC602EBC2818EB7300B78C66 /* View */,
				DC602EC52818F3AD00B78C66 /* Presenter */,
				DC602EBF2818EB9200B78C66 /* Controller */,
				DC602EC02818F21D00B78C66 /* Extensions */,
				DC13EEAF281158F40067652D /* Supporting Files */,
				DC13EEA8281158B90067652D /* Info.plist */,
			);
			path = Stanford;
			sourceTree = "<group>";
		};
		DC13EEAE281158EA0067652D /* App */ = {
			isa = PBXGroup;
			children = (
				DC13EE9A281158B80067652D /* AppDelegate.swift */,
				DC13EE9C281158B80067652D /* SceneDelegate.swift */,
			);
			path = App;
			sourceTree = "<group>";
		};
		DC13EEAF281158F40067652D /* Supporting Files */ = {
			isa = PBXGroup;
			children = (
				DC13EEA3281158B90067652D /* Assets.xcassets */,
				DC13EEA5281158B90067652D /* LaunchScreen.storyboard */,
			);
			path = "Supporting Files";
			sourceTree = "<group>";
		};
		DC602EB72818E9A100B78C66 /* Model */ = {
			isa = PBXGroup;
			children = (
				DC602EB82818E9AE00B78C66 /* Card.swift */,
				DC602EBA2818EA0D00B78C66 /* Concentration.swift */,
			);
			path = Model;
			sourceTree = "<group>";
		};
		DC602EBC2818EB7300B78C66 /* View */ = {
			isa = PBXGroup;
			children = (
				DC602EBD2818EB8000B78C66 /* Theme.swift */,
				DC602EC9281983E900B78C66 /* CustomButton.swift */,
			);
			path = View;
			sourceTree = "<group>";
		};
		DC602EBF2818EB9200B78C66 /* Controller */ = {
			isa = PBXGroup;
			children = (
				DC13EE9E281158B80067652D /* CardsViewController.swift */,
			);
			path = Controller;
			sourceTree = "<group>";
		};
		DC602EC02818F21D00B78C66 /* Extensions */ = {
			isa = PBXGroup;
			children = (
				DC602EC12818F23000B78C66 /* Extensions+Int.swift */,
			);
			path = Extensions;
			sourceTree = "<group>";
		};
		DC602EC52818F3AD00B78C66 /* Presenter */ = {
			isa = PBXGroup;
			children = (
				DC602EC62818F62A00B78C66 /* CardPresenterProtocol.swift */,
			);
			path = Presenter;
			sourceTree = "<group>";
		};
/* End PBXGroup section */

/* Begin PBXNativeTarget section */
		DC13EE96281158B80067652D /* Stanford */ = {
			isa = PBXNativeTarget;
			buildConfigurationList = DC13EEAB281158B90067652D /* Build configuration list for PBXNativeTarget "Stanford" */;
			buildPhases = (
				DC13EE93281158B80067652D /* Sources */,
				DC13EE94281158B80067652D /* Frameworks */,
				DC13EE95281158B80067652D /* Resources */,
			);
			buildRules = (
			);
			dependencies = (
			);
			name = Stanford;
			productName = Stanford;
			productReference = DC13EE97281158B80067652D /* Stanford.app */;
			productType = "com.apple.product-type.application";
		};
/* End PBXNativeTarget section */

/* Begin PBXProject section */
		DC13EE8F281158B80067652D /* Project object */ = {
			isa = PBXProject;
			attributes = {
				BuildIndependentTargetsInParallel = 1;
				LastSwiftUpdateCheck = 1320;
				LastUpgradeCheck = 1320;
				TargetAttributes = {
					DC13EE96281158B80067652D = {
						CreatedOnToolsVersion = 13.2.1;
					};
				};
			};
			buildConfigurationList = DC13EE92281158B80067652D /* Build configuration list for PBXProject "Stanford" */;
			compatibilityVersion = "Xcode 13.0";
			developmentRegion = en;
			hasScannedForEncodings = 0;
			knownRegions = (
				en,
				Base,
			);
			mainGroup = DC13EE8E281158B80067652D;
			productRefGroup = DC13EE98281158B80067652D /* Products */;
			projectDirPath = "";
			projectRoot = "";
			targets = (
				DC13EE96281158B80067652D /* Stanford */,
			);
		};
/* End PBXProject section */

/* Begin PBXResourcesBuildPhase section */
		DC13EE95281158B80067652D /* Resources */ = {
			isa = PBXResourcesBuildPhase;
			buildActionMask = 2147483647;
			files = (
				DC13EEA7281158B90067652D /* LaunchScreen.storyboard in Resources */,
				DC13EEA4281158B90067652D /* Assets.xcassets in Resources */,
			);
			runOnlyForDeploymentPostprocessing = 0;
		};
/* End PBXResourcesBuildPhase section */

/* Begin PBXSourcesBuildPhase section */
		DC13EE93281158B80067652D /* Sources */ = {
			isa = PBXSourcesBuildPhase;
			buildActionMask = 2147483647;
			files = (
				DC13EE9F281158B80067652D /* CardsViewController.swift in Sources */,
				DC602EBB2818EA0D00B78C66 /* Concentration.swift in Sources */,
				DC13EE9B281158B80067652D /* AppDelegate.swift in Sources */,
				DC602ECA281983E900B78C66 /* CustomButton.swift in Sources */,
				DC602EC72818F62A00B78C66 /* CardPresenterProtocol.swift in Sources */,
				DC602EC22818F23000B78C66 /* Extensions+Int.swift in Sources */,
				DC602EBE2818EB8000B78C66 /* Theme.swift in Sources */,
				DC13EE9D281158B80067652D /* SceneDelegate.swift in Sources */,
				DC602EB92818E9AE00B78C66 /* Card.swift in Sources */,
			);
			runOnlyForDeploymentPostprocessing = 0;
		};
/* End PBXSourcesBuildPhase section */

/* Begin PBXVariantGroup section */
		DC13EEA5281158B90067652D /* LaunchScreen.storyboard */ = {
			isa = PBXVariantGroup;
			children = (
				DC13EEA6281158B90067652D /* Base */,
			);
			name = LaunchScreen.storyboard;
			sourceTree = "<group>";
		};
/* End PBXVariantGroup section */

/* Begin XCBuildConfiguration section */
		DC13EEA9281158B90067652D /* Debug */ = {
			isa = XCBuildConfiguration;
			buildSettings = {
				ALWAYS_SEARCH_USER_PATHS = NO;
				CLANG_ANALYZER_NONNULL = YES;
				CLANG_ANALYZER_NUMBER_OBJECT_CONVERSION = YES_AGGRESSIVE;
				CLANG_CXX_LANGUAGE_STANDARD = "gnu++17";
				CLANG_CXX_LIBRARY = "libc++";
				CLANG_ENABLE_MODULES = YES;
				CLANG_ENABLE_OBJC_ARC = YES;
				CLANG_ENABLE_OBJC_WEAK = YES;
				CLANG_WARN_BLOCK_CAPTURE_AUTORELEASING = YES;
				CLANG_WARN_BOOL_CONVERSION = YES;
				CLANG_WARN_COMMA = YES;
				CLANG_WARN_CONSTANT_CONVERSION = YES;
				CLANG_WARN_DEPRECATED_OBJC_IMPLEMENTATIONS = YES;
				CLANG_WARN_DIRECT_OBJC_ISA_USAGE = YES_ERROR;
				CLANG_WARN_DOCUMENTATION_COMMENTS = YES;
				CLANG_WARN_EMPTY_BODY = YES;
				CLANG_WARN_ENUM_CONVERSION = YES;
				CLANG_WARN_INFINITE_RECURSION = YES;
				CLANG_WARN_INT_CONVERSION = YES;
				CLANG_WARN_NON_LITERAL_NULL_CONVERSION = YES;
				CLANG_WARN_OBJC_IMPLICIT_RETAIN_SELF = YES;
				CLANG_WARN_OBJC_LITERAL_CONVERSION = YES;
				CLANG_WARN_OBJC_ROOT_CLASS = YES_ERROR;
				CLANG_WARN_QUOTED_INCLUDE_IN_FRAMEWORK_HEADER = YES;
				CLANG_WARN_RANGE_LOOP_ANALYSIS = YES;
				CLANG_WARN_STRICT_PROTOTYPES = YES;
				CLANG_WARN_SUSPICIOUS_MOVE = YES;
				CLANG_WARN_UNGUARDED_AVAILABILITY = YES_AGGRESSIVE;
				CLANG_WARN_UNREACHABLE_CODE = YES;
				CLANG_WARN__DUPLICATE_METHOD_MATCH = YES;
				COPY_PHASE_STRIP = NO;
				DEBUG_INFORMATION_FORMAT = dwarf;
				ENABLE_STRICT_OBJC_MSGSEND = YES;
				ENABLE_TESTABILITY = YES;
				GCC_C_LANGUAGE_STANDARD = gnu11;
				GCC_DYNAMIC_NO_PIC = NO;
				GCC_NO_COMMON_BLOCKS = YES;
				GCC_OPTIMIZATION_LEVEL = 0;
				GCC_PREPROCESSOR_DEFINITIONS = (
					"DEBUG=1",
					"$(inherited)",
				);
				GCC_WARN_64_TO_32_BIT_CONVERSION = YES;
				GCC_WARN_ABOUT_RETURN_TYPE = YES_ERROR;
				GCC_WARN_UNDECLARED_SELECTOR = YES;
				GCC_WARN_UNINITIALIZED_AUTOS = YES_AGGRESSIVE;
				GCC_WARN_UNUSED_FUNCTION = YES;
				GCC_WARN_UNUSED_VARIABLE = YES;
				IPHONEOS_DEPLOYMENT_TARGET = 15.2;
				MTL_ENABLE_DEBUG_INFO = INCLUDE_SOURCE;
				MTL_FAST_MATH = YES;
				ONLY_ACTIVE_ARCH = YES;
				SDKROOT = iphoneos;
				SWIFT_ACTIVE_COMPILATION_CONDITIONS = DEBUG;
				SWIFT_OPTIMIZATION_LEVEL = "-Onone";
			};
			name = Debug;
		};
		DC13EEAA281158B90067652D /* Release */ = {
			isa = XCBuildConfiguration;
			buildSettings = {
				ALWAYS_SEARCH_USER_PATHS = NO;
				CLANG_ANALYZER_NONNULL = YES;
				CLANG_ANALYZER_NUMBER_OBJECT_CONVERSION = YES_AGGRESSIVE;
				CLANG_CXX_LANGUAGE_STANDARD = "gnu++17";
				CLANG_CXX_LIBRARY = "libc++";
				CLANG_ENABLE_MODULES = YES;
				CLANG_ENABLE_OBJC_ARC = YES;
				CLANG_ENABLE_OBJC_WEAK = YES;
				CLANG_WARN_BLOCK_CAPTURE_AUTORELEASING = YES;
				CLANG_WARN_BOOL_CONVERSION = YES;
				CLANG_WARN_COMMA = YES;
				CLANG_WARN_CONSTANT_CONVERSION = YES;
				CLANG_WARN_DEPRECATED_OBJC_IMPLEMENTATIONS = YES;
				CLANG_WARN_DIRECT_OBJC_ISA_USAGE = YES_ERROR;
				CLANG_WARN_DOCUMENTATION_COMMENTS = YES;
				CLANG_WARN_EMPTY_BODY = YES;
				CLANG_WARN_ENUM_CONVERSION = YES;
				CLANG_WARN_INFINITE_RECURSION = YES;
				CLANG_WARN_INT_CONVERSION = YES;
				CLANG_WARN_NON_LITERAL_NULL_CONVERSION = YES;
				CLANG_WARN_OBJC_IMPLICIT_RETAIN_SELF = YES;
				CLANG_WARN_OBJC_LITERAL_CONVERSION = YES;
				CLANG_WARN_OBJC_ROOT_CLASS = YES_ERROR;
				CLANG_WARN_QUOTED_INCLUDE_IN_FRAMEWORK_HEADER = YES;
				CLANG_WARN_RANGE_LOOP_ANALYSIS = YES;
				CLANG_WARN_STRICT_PROTOTYPES = YES;
				CLANG_WARN_SUSPICIOUS_MOVE = YES;
				CLANG_WARN_UNGUARDED_AVAILABILITY = YES_AGGRESSIVE;
				CLANG_WARN_UNREACHABLE_CODE = YES;
				CLANG_WARN__DUPLICATE_METHOD_MATCH = YES;
				COPY_PHASE_STRIP = NO;
				DEBUG_INFORMATION_FORMAT = "dwarf-with-dsym";
				ENABLE_NS_ASSERTIONS = NO;
				ENABLE_STRICT_OBJC_MSGSEND = YES;
				GCC_C_LANGUAGE_STANDARD = gnu11;
				GCC_NO_COMMON_BLOCKS = YES;
				GCC_WARN_64_TO_32_BIT_CONVERSION = YES;
				GCC_WARN_ABOUT_RETURN_TYPE = YES_ERROR;
				GCC_WARN_UNDECLARED_SELECTOR = YES;
				GCC_WARN_UNINITIALIZED_AUTOS = YES_AGGRESSIVE;
				GCC_WARN_UNUSED_FUNCTION = YES;
				GCC_WARN_UNUSED_VARIABLE = YES;
				IPHONEOS_DEPLOYMENT_TARGET = 15.2;
				MTL_ENABLE_DEBUG_INFO = NO;
				MTL_FAST_MATH = YES;
				SDKROOT = iphoneos;
				SWIFT_COMPILATION_MODE = wholemodule;
				SWIFT_OPTIMIZATION_LEVEL = "-O";
				VALIDATE_PRODUCT = YES;
			};
			name = Release;
		};
		DC13EEAC281158B90067652D /* Debug */ = {
			isa = XCBuildConfiguration;
			buildSettings = {
				ASSETCATALOG_COMPILER_APPICON_NAME = AppIcon;
				ASSETCATALOG_COMPILER_GLOBAL_ACCENT_COLOR_NAME = AccentColor;
				CODE_SIGN_STYLE = Automatic;
				CURRENT_PROJECT_VERSION = 1;
				DEVELOPMENT_TEAM = WS2A29MDFR;
				GENERATE_INFOPLIST_FILE = YES;
				INFOPLIST_FILE = Stanford/Info.plist;
				INFOPLIST_KEY_UIApplicationSupportsIndirectInputEvents = YES;
				INFOPLIST_KEY_UILaunchStoryboardName = LaunchScreen;
				INFOPLIST_KEY_UISupportedInterfaceOrientations_iPad = "UIInterfaceOrientationPortrait UIInterfaceOrientationPortraitUpsideDown UIInterfaceOrientationLandscapeLeft UIInterfaceOrientationLandscapeRight";
				INFOPLIST_KEY_UISupportedInterfaceOrientations_iPhone = "UIInterfaceOrientationPortrait UIInterfaceOrientationLandscapeLeft UIInterfaceOrientationLandscapeRight";
				LD_RUNPATH_SEARCH_PATHS = (
					"$(inherited)",
					"@executable_path/Frameworks",
				);
				MARKETING_VERSION = 1.0;
				PRODUCT_BUNDLE_IDENTIFIER = com.beqa.Stanford;
				PRODUCT_NAME = "$(TARGET_NAME)";
				SWIFT_EMIT_LOC_STRINGS = YES;
				SWIFT_VERSION = 5.0;
				TARGETED_DEVICE_FAMILY = "1,2";
			};
			name = Debug;
		};
		DC13EEAD281158B90067652D /* Release */ = {
			isa = XCBuildConfiguration;
			buildSettings = {
				ASSETCATALOG_COMPILER_APPICON_NAME = AppIcon;
				ASSETCATALOG_COMPILER_GLOBAL_ACCENT_COLOR_NAME = AccentColor;
				CODE_SIGN_STYLE = Automatic;
				CURRENT_PROJECT_VERSION = 1;
				DEVELOPMENT_TEAM = WS2A29MDFR;
				GENERATE_INFOPLIST_FILE = YES;
				INFOPLIST_FILE = Stanford/Info.plist;
				INFOPLIST_KEY_UIApplicationSupportsIndirectInputEvents = YES;
				INFOPLIST_KEY_UILaunchStoryboardName = LaunchScreen;
				INFOPLIST_KEY_UISupportedInterfaceOrientations_iPad = "UIInterfaceOrientationPortrait UIInterfaceOrientationPortraitUpsideDown UIInterfaceOrientationLandscapeLeft UIInterfaceOrientationLandscapeRight";
				INFOPLIST_KEY_UISupportedInterfaceOrientations_iPhone = "UIInterfaceOrientationPortrait UIInterfaceOrientationLandscapeLeft UIInterfaceOrientationLandscapeRight";
				LD_RUNPATH_SEARCH_PATHS = (
					"$(inherited)",
					"@executable_path/Frameworks",
				);
				MARKETING_VERSION = 1.0;
				PRODUCT_BUNDLE_IDENTIFIER = com.beqa.Stanford;
				PRODUCT_NAME = "$(TARGET_NAME)";
				SWIFT_EMIT_LOC_STRINGS = YES;
				SWIFT_VERSION = 5.0;
				TARGETED_DEVICE_FAMILY = "1,2";
			};
			name = Release;
		};
/* End XCBuildConfiguration section */

/* Begin XCConfigurationList section */
		DC13EE92281158B80067652D /* Build configuration list for PBXProject "Stanford" */ = {
			isa = XCConfigurationList;
			buildConfigurations = (
				DC13EEA9281158B90067652D /* Debug */,
				DC13EEAA281158B90067652D /* Release */,
			);
			defaultConfigurationIsVisible = 0;
			defaultConfigurationName = Release;
		};
		DC13EEAB281158B90067652D /* Build configuration list for PBXNativeTarget "Stanford" */ = {
			isa = XCConfigurationList;
			buildConfigurations = (
				DC13EEAC281158B90067652D /* Debug */,
				DC13EEAD281158B90067652D /* Release */,
			);
			defaultConfigurationIsVisible = 0;
			defaultConfigurationName = Release;
		};
/* End XCConfigurationList section */
	};
	rootObject = DC13EE8F281158B80067652D /* Project object */;
}
